
Microsoft Visual Studio Solution File, Format Version 12.00
# Visual Studio Version 16
VisualStudioVersion = 16.0.28922.388
MinimumVisualStudioVersion = 10.0.40219.1
Project("{FAE04EC0-301F-11D3-BF4B-00C04F79EFBC}") = "GitHubSonarCloudHook", "GitHubSonarCloudHook\GitHubSonarCloudHook.csproj", "{FDC81B56-202B-4CC6-BE1C-D25EB382E5AF}"
EndProject
Project("{FAE04EC0-301F-11D3-BF4B-00C04F79EFBC}") = "SonarCloudHook", "SonarCloudHook\SonarCloudHook.csproj", "{39C32607-AAC8-4453-A557-F56F99BA36F5}"
EndProject
Global
	GlobalSection(SolutionConfigurationPlatforms) = preSolution
		Debug|Any CPU = Debug|Any CPU
		Release|Any CPU = Release|Any CPU
	EndGlobalSection
	GlobalSection(ProjectConfigurationPlatforms) = postSolution
		{FDC81B56-202B-4CC6-BE1C-D25EB382E5AF}.Debug|Any CPU.ActiveCfg = Debug|Any CPU
		{FDC81B56-202B-4CC6-BE1C-D25EB382E5AF}.Debug|Any CPU.Build.0 = Debug|Any CPU
		{FDC81B56-202B-4CC6-BE1C-D25EB382E5AF}.Release|Any CPU.ActiveCfg = Release|Any CPU
		{FDC81B56-202B-4CC6-BE1C-D25EB382E5AF}.Release|Any CPU.Build.0 = Release|Any CPU
		{39C32607-AAC8-4453-A557-F56F99BA36F5}.Debug|Any CPU.ActiveCfg = Debug|Any CPU
		{39C32607-AAC8-4453-A557-F56F99BA36F5}.Debug|Any CPU.Build.0 = Debug|Any CPU
		{39C32607-AAC8-4453-A557-F56F99BA36F5}.Release|Any CPU.ActiveCfg = Release|Any CPU
		{39C32607-AAC8-4453-A557-F56F99BA36F5}.Release|Any CPU.Build.0 = Release|Any CPU
	EndGlobalSection
	GlobalSection(SolutionProperties) = preSolution
		HideSolutionNode = FALSE
	EndGlobalSection
	GlobalSection(ExtensibilityGlobals) = postSolution
		SolutionGuid = {F26E5B5B-525A-476D-98E0-DEA52F3813FC}
	EndGlobalSection
EndGlobal
